// !$*UTF8*$!
{
	archiveVersion = 1;
	classes = {
	};
	objectVersion = 50;
	objects = {

/* Begin PBXBuildFile section */
		67B428D42241055700AA068B /* signal-alert.mp3 in Resources */ = {isa = PBXBuildFile; fileRef = 67B428D32241055700AA068B /* signal-alert.mp3 */; };
		67B428D62242251300AA068B /* signal-alert2.mp3 in Resources */ = {isa = PBXBuildFile; fileRef = 67B428D52242251300AA068B /* signal-alert2.mp3 */; };
		67B428D82242257D00AA068B /* signal-alert3.mp3 in Resources */ = {isa = PBXBuildFile; fileRef = 67B428D72242257C00AA068B /* signal-alert3.mp3 */; };
		67B428DA22436A2F00AA068B /* AboutViewController.swift in Sources */ = {isa = PBXBuildFile; fileRef = 67B428D922436A2F00AA068B /* AboutViewController.swift */; };
		840CB23921EAFF260020B83F /* AppDelegate.swift in Sources */ = {isa = PBXBuildFile; fileRef = 840CB23821EAFF260020B83F /* AppDelegate.swift */; };
		840CB23B21EAFF260020B83F /* ViewController.swift in Sources */ = {isa = PBXBuildFile; fileRef = 840CB23A21EAFF260020B83F /* ViewController.swift */; };
		840CB23E21EAFF260020B83F /* Main.storyboard in Resources */ = {isa = PBXBuildFile; fileRef = 840CB23C21EAFF260020B83F /* Main.storyboard */; };
		840CB24021EAFF290020B83F /* Assets.xcassets in Resources */ = {isa = PBXBuildFile; fileRef = 840CB23F21EAFF290020B83F /* Assets.xcassets */; };
		840CB24321EAFF290020B83F /* LaunchScreen.storyboard in Resources */ = {isa = PBXBuildFile; fileRef = 840CB24121EAFF290020B83F /* LaunchScreen.storyboard */; };
		840CB24C21EB022B0020B83F /* bell.wav in Resources */ = {isa = PBXBuildFile; fileRef = 840CB24B21EB022B0020B83F /* bell.wav */; };
		840CB24E21EB94380020B83F /* Claxon.wav in Resources */ = {isa = PBXBuildFile; fileRef = 840CB24D21EB94380020B83F /* Claxon.wav */; };
		840CB25021EB9C060020B83F /* tone_22.wav in Resources */ = {isa = PBXBuildFile; fileRef = 840CB24F21EB9C050020B83F /* tone_22.wav */; };
/* End PBXBuildFile section */

/* Begin PBXFileReference section */
		67B428D32241055700AA068B /* signal-alert.mp3 */ = {isa = PBXFileReference; lastKnownFileType = audio.mp3; name = "signal-alert.mp3"; path = "../../../../Downloads/signal-alert.mp3"; sourceTree = "<group>"; };
		67B428D52242251300AA068B /* signal-alert2.mp3 */ = {isa = PBXFileReference; lastKnownFileType = audio.mp3; name = "signal-alert2.mp3"; path = "../../../../Documents/signal-alert2.mp3"; sourceTree = "<group>"; };
		67B428D72242257C00AA068B /* signal-alert3.mp3 */ = {isa = PBXFileReference; lastKnownFileType = audio.mp3; name = "signal-alert3.mp3"; path = "../../../../Documents/signal-alert3.mp3"; sourceTree = "<group>"; };
		67B428D922436A2F00AA068B /* AboutViewController.swift */ = {isa = PBXFileReference; lastKnownFileType = sourcecode.swift; path = AboutViewController.swift; sourceTree = "<group>"; };
		840CB23521EAFF260020B83F /* Alarm Noise.app */ = {isa = PBXFileReference; explicitFileType = wrapper.application; includeInIndex = 0; path = "Alarm Noise.app"; sourceTree = BUILT_PRODUCTS_DIR; };
		840CB23821EAFF260020B83F /* AppDelegate.swift */ = {isa = PBXFileReference; lastKnownFileType = sourcecode.swift; path = AppDelegate.swift; sourceTree = "<group>"; };
		840CB23A21EAFF260020B83F /* ViewController.swift */ = {isa = PBXFileReference; lastKnownFileType = sourcecode.swift; path = ViewController.swift; sourceTree = "<group>"; };
		840CB23D21EAFF260020B83F /* Base */ = {isa = PBXFileReference; lastKnownFileType = file.storyboard; name = Base; path = Base.lproj/Main.storyboard; sourceTree = "<group>"; };
		840CB23F21EAFF290020B83F /* Assets.xcassets */ = {isa = PBXFileReference; lastKnownFileType = folder.assetcatalog; path = Assets.xcassets; sourceTree = "<group>"; };
		840CB24221EAFF290020B83F /* Base */ = {isa = PBXFileReference; lastKnownFileType = file.storyboard; name = Base; path = Base.lproj/LaunchScreen.storyboard; sourceTree = "<group>"; };
		840CB24421EAFF290020B83F /* Info.plist */ = {isa = PBXFileReference; lastKnownFileType = text.plist.xml; path = Info.plist; sourceTree = "<group>"; };
		840CB24B21EB022B0020B83F /* bell.wav */ = {isa = PBXFileReference; lastKnownFileType = audio.wav; path = bell.wav; sourceTree = "<group>"; };
		840CB24D21EB94380020B83F /* Claxon.wav */ = {isa = PBXFileReference; lastKnownFileType = audio.wav; path = Claxon.wav; sourceTree = "<group>"; };
		840CB24F21EB9C050020B83F /* tone_22.wav */ = {isa = PBXFileReference; lastKnownFileType = audio.wav; path = tone_22.wav; sourceTree = "<group>"; };
/* End PBXFileReference section */

/* Begin PBXFrameworksBuildPhase section */
		840CB23221EAFF260020B83F /* Frameworks */ = {
			isa = PBXFrameworksBuildPhase;
			buildActionMask = 2147483647;
			files = (
			);
			runOnlyForDeploymentPostprocessing = 0;
		};
/* End PBXFrameworksBuildPhase section */

/* Begin PBXGroup section */
		840CB22C21EAFF260020B83F = {
			isa = PBXGroup;
			children = (
				840CB23721EAFF260020B83F /* Alarm Noise */,
				840CB23621EAFF260020B83F /* Products */,
			);
			sourceTree = "<group>";
		};
		840CB23621EAFF260020B83F /* Products */ = {
			isa = PBXGroup;
			children = (
				840CB23521EAFF260020B83F /* Alarm Noise.app */,
			);
			name = Products;
			sourceTree = "<group>";
		};
		840CB23721EAFF260020B83F /* Alarm Noise */ = {
			isa = PBXGroup;
			children = (
				840CB24A21EB022B0020B83F /* sound effects */,
				840CB23821EAFF260020B83F /* AppDelegate.swift */,
				840CB23A21EAFF260020B83F /* ViewController.swift */,
				840CB23C21EAFF260020B83F /* Main.storyboard */,
				67B428D922436A2F00AA068B /* AboutViewController.swift */,
				840CB23F21EAFF290020B83F /* Assets.xcassets */,
				840CB24121EAFF290020B83F /* LaunchScreen.storyboard */,
				840CB24421EAFF290020B83F /* Info.plist */,
			);
			path = "Alarm Noise";
			sourceTree = "<group>";
		};
		840CB24A21EB022B0020B83F /* sound effects */ = {
			isa = PBXGroup;
			children = (
				67B428D32241055700AA068B /* signal-alert.mp3 */,
				840CB24F21EB9C050020B83F /* tone_22.wav */,
				840CB24D21EB94380020B83F /* Claxon.wav */,
				67B428D52242251300AA068B /* signal-alert2.mp3 */,
				67B428D72242257C00AA068B /* signal-alert3.mp3 */,
				840CB24B21EB022B0020B83F /* bell.wav */,
			);
			path = "sound effects";
			sourceTree = "<group>";
		};
/* End PBXGroup section */

/* Begin PBXNativeTarget section */
		840CB23421EAFF260020B83F /* Alarm Noise */ = {
			isa = PBXNativeTarget;
			buildConfigurationList = 840CB24721EAFF290020B83F /* Build configuration list for PBXNativeTarget "Alarm Noise" */;
			buildPhases = (
				840CB23121EAFF260020B83F /* Sources */,
				840CB23221EAFF260020B83F /* Frameworks */,
				840CB23321EAFF260020B83F /* Resources */,
			);
			buildRules = (
			);
			dependencies = (
			);
			name = "Alarm Noise";
			productName = "Alarm Noise";
			productReference = 840CB23521EAFF260020B83F /* Alarm Noise.app */;
			productType = "com.apple.product-type.application";
		};
/* End PBXNativeTarget section */

/* Begin PBXProject section */
		840CB22D21EAFF260020B83F /* Project object */ = {
			isa = PBXProject;
			attributes = {
				LastSwiftUpdateCheck = 1010;
				LastUpgradeCheck = 1010;
				ORGANIZATIONNAME = "Khoi Nguyen";
				TargetAttributes = {
					840CB23421EAFF260020B83F = {
						CreatedOnToolsVersion = 10.1;
					};
				};
			};
			buildConfigurationList = 840CB23021EAFF260020B83F /* Build configuration list for PBXProject "Alarm Noise" */;
			compatibilityVersion = "Xcode 9.3";
			developmentRegion = en;
			hasScannedForEncodings = 0;
			knownRegions = (
				en,
				Base,
			);
			mainGroup = 840CB22C21EAFF260020B83F;
			productRefGroup = 840CB23621EAFF260020B83F /* Products */;
			projectDirPath = "";
			projectRoot = "";
			targets = (
				840CB23421EAFF260020B83F /* Alarm Noise */,
			);
		};
/* End PBXProject section */

/* Begin PBXResourcesBuildPhase section */
		840CB23321EAFF260020B83F /* Resources */ = {
			isa = PBXResourcesBuildPhase;
			buildActionMask = 2147483647;
			files = (
				840CB24321EAFF290020B83F /* LaunchScreen.storyboard in Resources */,
				67B428D82242257D00AA068B /* signal-alert3.mp3 in Resources */,
				840CB24021EAFF290020B83F /* Assets.xcassets in Resources */,
				840CB25021EB9C060020B83F /* tone_22.wav in Resources */,
				67B428D42241055700AA068B /* signal-alert.mp3 in Resources */,
				67B428D62242251300AA068B /* signal-alert2.mp3 in Resources */,
				840CB23E21EAFF260020B83F /* Main.storyboard in Resources */,
				840CB24E21EB94380020B83F /* Claxon.wav in Resources */,
				840CB24C21EB022B0020B83F /* bell.wav in Resources */,
			);
			runOnlyForDeploymentPostprocessing = 0;
		};
/* End PBXResourcesBuildPhase section */

/* Begin PBXSourcesBuildPhase section */
		840CB23121EAFF260020B83F /* Sources */ = {
			isa = PBXSourcesBuildPhase;
			buildActionMask = 2147483647;
			files = (
				67B428DA22436A2F00AA068B /* AboutViewController.swift in Sources */,
				840CB23B21EAFF260020B83F /* ViewController.swift in Sources */,
				840CB23921EAFF260020B83F /* AppDelegate.swift in Sources */,
			);
			runOnlyForDeploymentPostprocessing = 0;
		};
/* End PBXSourcesBuildPhase section */

/* Begin PBXVariantGroup section */
		840CB23C21EAFF260020B83F /* Main.storyboard */ = {
			isa = PBXVariantGroup;
			children = (
				840CB23D21EAFF260020B83F /* Base */,
			);
			name = Main.storyboard;
			sourceTree = "<group>";
		};
		840CB24121EAFF290020B83F /* LaunchScreen.storyboard */ = {
			isa = PBXVariantGroup;
			children = (
				840CB24221EAFF290020B83F /* Base */,
			);
			name = LaunchScreen.storyboard;
			sourceTree = "<group>";
		};
/* End PBXVariantGroup section */

/* Begin XCBuildConfiguration section */
		840CB24521EAFF290020B83F /* Debug */ = {
			isa = XCBuildConfiguration;
			buildSettings = {
				ALWAYS_SEARCH_USER_PATHS = NO;
				CLANG_ANALYZER_NONNULL = YES;
				CLANG_ANALYZER_NUMBER_OBJECT_CONVERSION = YES_AGGRESSIVE;
				CLANG_CXX_LANGUAGE_STANDARD = "gnu++14";
				CLANG_CXX_LIBRARY = "libc++";
				CLANG_ENABLE_MODULES = YES;
				CLANG_ENABLE_OBJC_ARC = YES;
				CLANG_ENABLE_OBJC_WEAK = YES;
				CLANG_WARN_BLOCK_CAPTURE_AUTORELEASING = YES;
				CLANG_WARN_BOOL_CONVERSION = YES;
				CLANG_WARN_COMMA = YES;
				CLANG_WARN_CONSTANT_CONVERSION = YES;
				CLANG_WARN_DEPRECATED_OBJC_IMPLEMENTATIONS = YES;
				CLANG_WARN_DIRECT_OBJC_ISA_USAGE = YES_ERROR;
				CLANG_WARN_DOCUMENTATION_COMMENTS = YES;
				CLANG_WARN_EMPTY_BODY = YES;
				CLANG_WARN_ENUM_CONVERSION = YES;
				CLANG_WARN_INFINITE_RECURSION = YES;
				CLANG_WARN_INT_CONVERSION = YES;
				CLANG_WARN_NON_LITERAL_NULL_CONVERSION = YES;
				CLANG_WARN_OBJC_IMPLICIT_RETAIN_SELF = YES;
				CLANG_WARN_OBJC_LITERAL_CONVERSION = YES;
				CLANG_WARN_OBJC_ROOT_CLASS = YES_ERROR;
				CLANG_WARN_RANGE_LOOP_ANALYSIS = YES;
				CLANG_WARN_STRICT_PROTOTYPES = YES;
				CLANG_WARN_SUSPICIOUS_MOVE = YES;
				CLANG_WARN_UNGUARDED_AVAILABILITY = YES_AGGRESSIVE;
				CLANG_WARN_UNREACHABLE_CODE = YES;
				CLANG_WARN__DUPLICATE_METHOD_MATCH = YES;
				CODE_SIGN_IDENTITY = "iPhone Developer";
				COPY_PHASE_STRIP = NO;
				DEBUG_INFORMATION_FORMAT = dwarf;
				ENABLE_STRICT_OBJC_MSGSEND = YES;
				ENABLE_TESTABILITY = YES;
				GCC_C_LANGUAGE_STANDARD = gnu11;
				GCC_DYNAMIC_NO_PIC = NO;
				GCC_NO_COMMON_BLOCKS = YES;
				GCC_OPTIMIZATION_LEVEL = 0;
				GCC_PREPROCESSOR_DEFINITIONS = (
					"DEBUG=1",
					"$(inherited)",
				);
				GCC_WARN_64_TO_32_BIT_CONVERSION = YES;
				GCC_WARN_ABOUT_RETURN_TYPE = YES_ERROR;
				GCC_WARN_UNDECLARED_SELECTOR = YES;
				GCC_WARN_UNINITIALIZED_AUTOS = YES_AGGRESSIVE;
				GCC_WARN_UNUSED_FUNCTION = YES;
				GCC_WARN_UNUSED_VARIABLE = YES;
				IPHONEOS_DEPLOYMENT_TARGET = 12.1;
				MTL_ENABLE_DEBUG_INFO = INCLUDE_SOURCE;
				MTL_FAST_MATH = YES;
				ONLY_ACTIVE_ARCH = YES;
				SDKROOT = iphoneos;
				SWIFT_ACTIVE_COMPILATION_CONDITIONS = DEBUG;
				SWIFT_OPTIMIZATION_LEVEL = "-Onone";
			};
			name = Debug;
		};
		840CB24621EAFF290020B83F /* Release */ = {
			isa = XCBuildConfiguration;
			buildSettings = {
				ALWAYS_SEARCH_USER_PATHS = NO;
				CLANG_ANALYZER_NONNULL = YES;
				CLANG_ANALYZER_NUMBER_OBJECT_CONVERSION = YES_AGGRESSIVE;
				CLANG_CXX_LANGUAGE_STANDARD = "gnu++14";
				CLANG_CXX_LIBRARY = "libc++";
				CLANG_ENABLE_MODULES = YES;
				CLANG_ENABLE_OBJC_ARC = YES;
				CLANG_ENABLE_OBJC_WEAK = YES;
				CLANG_WARN_BLOCK_CAPTURE_AUTORELEASING = YES;
				CLANG_WARN_BOOL_CONVERSION = YES;
				CLANG_WARN_COMMA = YES;
				CLANG_WARN_CONSTANT_CONVERSION = YES;
				CLANG_WARN_DEPRECATED_OBJC_IMPLEMENTATIONS = YES;
				CLANG_WARN_DIRECT_OBJC_ISA_USAGE = YES_ERROR;
				CLANG_WARN_DOCUMENTATION_COMMENTS = YES;
				CLANG_WARN_EMPTY_BODY = YES;
				CLANG_WARN_ENUM_CONVERSION = YES;
				CLANG_WARN_INFINITE_RECURSION = YES;
				CLANG_WARN_INT_CONVERSION = YES;
				CLANG_WARN_NON_LITERAL_NULL_CONVERSION = YES;
				CLANG_WARN_OBJC_IMPLICIT_RETAIN_SELF = YES;
				CLANG_WARN_OBJC_LITERAL_CONVERSION = YES;
				CLANG_WARN_OBJC_ROOT_CLASS = YES_ERROR;
				CLANG_WARN_RANGE_LOOP_ANALYSIS = YES;
				CLANG_WARN_STRICT_PROTOTYPES = YES;
				CLANG_WARN_SUSPICIOUS_MOVE = YES;
				CLANG_WARN_UNGUARDED_AVAILABILITY = YES_AGGRESSIVE;
				CLANG_WARN_UNREACHABLE_CODE = YES;
				CLANG_WARN__DUPLICATE_METHOD_MATCH = YES;
				CODE_SIGN_IDENTITY = "iPhone Developer";
				COPY_PHASE_STRIP = NO;
				DEBUG_INFORMATION_FORMAT = "dwarf-with-dsym";
				ENABLE_NS_ASSERTIONS = NO;
				ENABLE_STRICT_OBJC_MSGSEND = YES;
				GCC_C_LANGUAGE_STANDARD = gnu11;
				GCC_NO_COMMON_BLOCKS = YES;
				GCC_WARN_64_TO_32_BIT_CONVERSION = YES;
				GCC_WARN_ABOUT_RETURN_TYPE = YES_ERROR;
				GCC_WARN_UNDECLARED_SELECTOR = YES;
				GCC_WARN_UNINITIALIZED_AUTOS = YES_AGGRESSIVE;
				GCC_WARN_UNUSED_FUNCTION = YES;
				GCC_WARN_UNUSED_VARIABLE = YES;
				IPHONEOS_DEPLOYMENT_TARGET = 12.1;
				MTL_ENABLE_DEBUG_INFO = NO;
				MTL_FAST_MATH = YES;
				SDKROOT = iphoneos;
				SWIFT_COMPILATION_MODE = wholemodule;
				SWIFT_OPTIMIZATION_LEVEL = "-O";
				VALIDATE_PRODUCT = YES;
			};
			name = Release;
		};
		840CB24821EAFF290020B83F /* Debug */ = {
			isa = XCBuildConfiguration;
			buildSettings = {
				ASSETCATALOG_COMPILER_APPICON_NAME = AppIcon;
				CODE_SIGN_IDENTITY = "iPhone Developer";
				CODE_SIGN_STYLE = Automatic;
				DEVELOPMENT_TEAM = 366QVU5498;
				INFOPLIST_FILE = "Alarm Noise/Info.plist";
				IPHONEOS_DEPLOYMENT_TARGET = 12.1;
				LD_RUNPATH_SEARCH_PATHS = (
					"$(inherited)",
					"@executable_path/Frameworks",
				);
				PRODUCT_BUNDLE_IDENTIFIER = "app.quantizen.Alarm-Noise";
				PRODUCT_NAME = "$(TARGET_NAME)";
				PROVISIONING_PROFILE_SPECIFIER = "";
				SWIFT_VERSION = 4.2;
				TARGETED_DEVICE_FAMILY = 1;
			};
			name = Debug;
		};
		840CB24921EAFF290020B83F /* Release */ = {
			isa = XCBuildConfiguration;
			buildSettings = {
				ASSETCATALOG_COMPILER_APPICON_NAME = AppIcon;
				CODE_SIGN_IDENTITY = "iPhone Developer";
				CODE_SIGN_STYLE = Automatic;
				DEVELOPMENT_TEAM = 366QVU5498;
				INFOPLIST_FILE = "Alarm Noise/Info.plist";
				IPHONEOS_DEPLOYMENT_TARGET = 12.1;
				LD_RUNPATH_SEARCH_PATHS = (
					"$(inherited)",
					"@executable_path/Frameworks",
				);
				PRODUCT_BUNDLE_IDENTIFIER = "app.quantizen.Alarm-Noise";
				PRODUCT_NAME = "$(TARGET_NAME)";
				PROVISIONING_PROFILE_SPECIFIER = "";
				SWIFT_VERSION = 4.2;
				TARGETED_DEVICE_FAMILY = 1;
			};
			name = Release;
		};
/* End XCBuildConfiguration section */

/* Begin XCConfigurationList section */
		840CB23021EAFF260020B83F /* Build configuration list for PBXProject "Alarm Noise" */ = {
			isa = XCConfigurationList;
			buildConfigurations = (
				840CB24521EAFF290020B83F /* Debug */,
				840CB24621EAFF290020B83F /* Release */,
			);
			defaultConfigurationIsVisible = 0;
			defaultConfigurationName = Release;
		};
		840CB24721EAFF290020B83F /* Build configuration list for PBXNativeTarget "Alarm Noise" */ = {
			isa = XCConfigurationList;
			buildConfigurations = (
				840CB24821EAFF290020B83F /* Debug */,
				840CB24921EAFF290020B83F /* Release */,
			);
			defaultConfigurationIsVisible = 0;
			defaultConfigurationName = Release;
		};
/* End XCConfigurationList section */
	};
	rootObject = 840CB22D21EAFF260020B83F /* Project object */;
}
